// !$*UTF8*$!
{
	archiveVersion = 1;
	classes = {
	};
	objectVersion = 46;
	objects = {

/* Begin PBXBuildFile section */
		15008D66159096C4001BBECB /* 1A.png in Resources */ = {isa = PBXBuildFile; fileRef = 15008D5A159096C4001BBECB /* 1A.png */; };
		15008D67159096C4001BBECB /* 1A@2x.png in Resources */ = {isa = PBXBuildFile; fileRef = 15008D5B159096C4001BBECB /* 1A@2x.png */; };
		15008D68159096C4001BBECB /* 1R.png in Resources */ = {isa = PBXBuildFile; fileRef = 15008D5C159096C4001BBECB /* 1R.png */; };
		15008D69159096C4001BBECB /* 1R@2x.png in Resources */ = {isa = PBXBuildFile; fileRef = 15008D5D159096C4001BBECB /* 1R@2x.png */; };
		15008D6A159096C4001BBECB /* 2A.png in Resources */ = {isa = PBXBuildFile; fileRef = 15008D5E159096C4001BBECB /* 2A.png */; };
		15008D6B159096C4001BBECB /* 2A@2x.png in Resources */ = {isa = PBXBuildFile; fileRef = 15008D5F159096C4001BBECB /* 2A@2x.png */; };
		15008D6C159096C4001BBECB /* 2R.png in Resources */ = {isa = PBXBuildFile; fileRef = 15008D60159096C4001BBECB /* 2R.png */; };
		15008D6D159096C4001BBECB /* 2R@2x.png in Resources */ = {isa = PBXBuildFile; fileRef = 15008D61159096C4001BBECB /* 2R@2x.png */; };
		15008D6E159096C4001BBECB /* 3A.png in Resources */ = {isa = PBXBuildFile; fileRef = 15008D62159096C4001BBECB /* 3A.png */; };
		15008D6F159096C4001BBECB /* 3A@2x.png in Resources */ = {isa = PBXBuildFile; fileRef = 15008D63159096C4001BBECB /* 3A@2x.png */; };
		15008D70159096C4001BBECB /* 3R.png in Resources */ = {isa = PBXBuildFile; fileRef = 15008D64159096C4001BBECB /* 3R.png */; };
		15008D71159096C4001BBECB /* 3R@2x.png in Resources */ = {isa = PBXBuildFile; fileRef = 15008D65159096C4001BBECB /* 3R@2x.png */; };
		15008D7315909EDC001BBECB /* barrarosa@2x.png in Resources */ = {isa = PBXBuildFile; fileRef = 15008D7215909EDC001BBECB /* barrarosa@2x.png */; };
		15008D761590A0F9001BBECB /* subtitile@2x.png in Resources */ = {isa = PBXBuildFile; fileRef = 15008D741590A0F9001BBECB /* subtitile@2x.png */; };
		15008D771590A0F9001BBECB /* title@2x.png in Resources */ = {isa = PBXBuildFile; fileRef = 15008D751590A0F9001BBECB /* title@2x.png */; };
		15008D791590A181001BBECB /* bg-firstview@2x.png in Resources */ = {isa = PBXBuildFile; fileRef = 15008D781590A181001BBECB /* bg-firstview@2x.png */; };
		15008D901590A2A3001BBECB /* blue.png in Resources */ = {isa = PBXBuildFile; fileRef = 15008D861590A2A3001BBECB /* blue.png */; };
		15008D911590A2A3001BBECB /* blue@2x.png in Resources */ = {isa = PBXBuildFile; fileRef = 15008D871590A2A3001BBECB /* blue@2x.png */; };
		15008D921590A2A3001BBECB /* gris.png in Resources */ = {isa = PBXBuildFile; fileRef = 15008D881590A2A3001BBECB /* gris.png */; };
		15008D931590A2A3001BBECB /* gris@2x.png in Resources */ = {isa = PBXBuildFile; fileRef = 15008D891590A2A3001BBECB /* gris@2x.png */; };
		15008D941590A2A3001BBECB /* groc.png in Resources */ = {isa = PBXBuildFile; fileRef = 15008D8A1590A2A3001BBECB /* groc.png */; };
		15008D951590A2A3001BBECB /* groc@2x.png in Resources */ = {isa = PBXBuildFile; fileRef = 15008D8B1590A2A3001BBECB /* groc@2x.png */; };
		15008D961590A2A3001BBECB /* marro.png in Resources */ = {isa = PBXBuildFile; fileRef = 15008D8C1590A2A3001BBECB /* marro.png */; };
		15008D971590A2A3001BBECB /* marro@2x.png in Resources */ = {isa = PBXBuildFile; fileRef = 15008D8D1590A2A3001BBECB /* marro@2x.png */; };
		15008D981590A2A3001BBECB /* puntverd.png in Resources */ = {isa = PBXBuildFile; fileRef = 15008D8E1590A2A3001BBECB /* puntverd.png */; };
		15008D991590A2A3001BBECB /* puntverd@2x.png in Resources */ = {isa = PBXBuildFile; fileRef = 15008D8F1590A2A3001BBECB /* puntverd@2x.png */; };
		15008D9C1590A2B2001BBECB /* verd.png in Resources */ = {isa = PBXBuildFile; fileRef = 15008D9A1590A2B2001BBECB /* verd.png */; };
		15008D9D1590A2B2001BBECB /* verd@2x.png in Resources */ = {isa = PBXBuildFile; fileRef = 15008D9B1590A2B2001BBECB /* verd@2x.png */; };
		15008DA11590A731001BBECB /* detailContenidorViewController.m in Sources */ = {isa = PBXBuildFile; fileRef = 15008D9F1590A731001BBECB /* detailContenidorViewController.m */; };
		15008DA41590AC5E001BBECB /* liia.png in Resources */ = {isa = PBXBuildFile; fileRef = 15008DA31590AC5E001BBECB /* liia.png */; };
		15008DA71590B4AA001BBECB /* 2.png in Resources */ = {isa = PBXBuildFile; fileRef = 15008DA51590B4AA001BBECB /* 2.png */; };
		15008DA81590B4AA001BBECB /* 2@2x.png in Resources */ = {isa = PBXBuildFile; fileRef = 15008DA61590B4AA001BBECB /* 2@2x.png */; };
		15661FCC159079390015B6B6 /* CoreLocation.framework in Frameworks */ = {isa = PBXBuildFile; fileRef = 15661FCB159079390015B6B6 /* CoreLocation.framework */; };
		15661FCF1590793F0015B6B6 /* MapKit.framework in Frameworks */ = {isa = PBXBuildFile; fileRef = 15661FCE1590793F0015B6B6 /* MapKit.framework */; };
		15661FD315907A890015B6B6 /* LocationAnnotation.m in Sources */ = {isa = PBXBuildFile; fileRef = 15661FD215907A890015B6B6 /* LocationAnnotation.m */; };
		1566200415907D080015B6B6 /* puntsverds.txt in Resources */ = {isa = PBXBuildFile; fileRef = 1566200315907D080015B6B6 /* puntsverds.txt */; };
		15D6F2F315906E7E0043FDF1 /* UIKit.framework in Frameworks */ = {isa = PBXBuildFile; fileRef = 15D6F2F215906E7E0043FDF1 /* UIKit.framework */; };
		15D6F2F515906E7E0043FDF1 /* Foundation.framework in Frameworks */ = {isa = PBXBuildFile; fileRef = 15D6F2F415906E7E0043FDF1 /* Foundation.framework */; };
		15D6F2F715906E7E0043FDF1 /* CoreGraphics.framework in Frameworks */ = {isa = PBXBuildFile; fileRef = 15D6F2F615906E7E0043FDF1 /* CoreGraphics.framework */; };
		15D6F2FD15906E7E0043FDF1 /* InfoPlist.strings in Resources */ = {isa = PBXBuildFile; fileRef = 15D6F2FB15906E7E0043FDF1 /* InfoPlist.strings */; };
		15D6F2FF15906E7E0043FDF1 /* main.m in Sources */ = {isa = PBXBuildFile; fileRef = 15D6F2FE15906E7E0043FDF1 /* main.m */; };
		15D6F30315906E7E0043FDF1 /* AppDelegate.m in Sources */ = {isa = PBXBuildFile; fileRef = 15D6F30215906E7E0043FDF1 /* AppDelegate.m */; };
		15D6F30615906E7E0043FDF1 /* MainStoryboard.storyboard in Resources */ = {isa = PBXBuildFile; fileRef = 15D6F30415906E7E0043FDF1 /* MainStoryboard.storyboard */; };
		15D6F31215906E7E0043FDF1 /* second.png in Resources */ = {isa = PBXBuildFile; fileRef = 15D6F31115906E7E0043FDF1 /* second.png */; };
		15D6F31415906E7E0043FDF1 /* second@2x.png in Resources */ = {isa = PBXBuildFile; fileRef = 15D6F31315906E7E0043FDF1 /* second@2x.png */; };
		A00777E8159070D50055399E /* mapaViewController.m in Sources */ = {isa = PBXBuildFile; fileRef = A00777E7159070D50055399E /* mapaViewController.m */; };
		A00777EC159070E00055399E /* contacteViewController.m in Sources */ = {isa = PBXBuildFile; fileRef = A00777EB159070E00055399E /* contacteViewController.m */; };
		A00777EF159071140055399E /* checkinViewController.m in Sources */ = {isa = PBXBuildFile; fileRef = A00777EE159071140055399E /* checkinViewController.m */; };
		A00777F21590711B0055399E /* instruccionsViewController.m in Sources */ = {isa = PBXBuildFile; fileRef = A00777F11590711B0055399E /* instruccionsViewController.m */; };
		A00777F5159071250055399E /* contenidorsViewController.m in Sources */ = {isa = PBXBuildFile; fileRef = A00777F4159071250055399E /* contenidorsViewController.m */; };
		A0596F921590819B0009B33E /* fons-fusta.png in Resources */ = {isa = PBXBuildFile; fileRef = A0596F911590819B0009B33E /* fons-fusta.png */; };
		A0596F9C1590823A0009B33E /* boto-check-in.png in Resources */ = {isa = PBXBuildFile; fileRef = A0596F941590823A0009B33E /* boto-check-in.png */; };
		A0596F9D1590823A0009B33E /* caixa-arbres.png in Resources */ = {isa = PBXBuildFile; fileRef = A0596F951590823A0009B33E /* caixa-arbres.png */; };
		A0596F9E1590823A0009B33E /* caixa-visites.png in Resources */ = {isa = PBXBuildFile; fileRef = A0596F961590823A0009B33E /* caixa-visites.png */; };
		A0596F9F1590823A0009B33E /* eslogan.png in Resources */ = {isa = PBXBuildFile; fileRef = A0596F971590823A0009B33E /* eslogan.png */; };
		A0596FA01590823A0009B33E /* eslogan@2x.png in Resources */ = {isa = PBXBuildFile; fileRef = A0596F981590823A0009B33E /* eslogan@2x.png */; };
		A0596FA11590823A0009B33E /* boto-check-in@2x.png in Resources */ = {isa = PBXBuildFile; fileRef = A0596F991590823A0009B33E /* boto-check-in@2x.png */; };
		A0596FA21590823A0009B33E /* caixa-arbres@2x.png in Resources */ = {isa = PBXBuildFile; fileRef = A0596F9A1590823A0009B33E /* caixa-arbres@2x.png */; };
		A0596FA31590823A0009B33E /* caixa-visites@2x.png in Resources */ = {isa = PBXBuildFile; fileRef = A0596F9B1590823A0009B33E /* caixa-visites@2x.png */; };
		A0596FB21590891D0009B33E /* convidaAmics.png in Resources */ = {isa = PBXBuildFile; fileRef = A0596FAC1590891D0009B33E /* convidaAmics.png */; };
		A0596FB31590891D0009B33E /* caixa-arbres.png in Resources */ = {isa = PBXBuildFile; fileRef = A0596FAD1590891D0009B33E /* caixa-arbres.png */; };
		A0596FB41590891D0009B33E /* properPremi.png in Resources */ = {isa = PBXBuildFile; fileRef = A0596FAE1590891D0009B33E /* properPremi.png */; };
		A0596FB61590891D0009B33E /* caixa-arbres@2x.png in Resources */ = {isa = PBXBuildFile; fileRef = A0596FB01590891D0009B33E /* caixa-arbres@2x.png */; };
		A0596FB71590891D0009B33E /* convidaAmics@2x.png in Resources */ = {isa = PBXBuildFile; fileRef = A0596FB11590891D0009B33E /* convidaAmics@2x.png */; };
		A0596FBC1590897D0009B33E /* ranking.png in Resources */ = {isa = PBXBuildFile; fileRef = A0596FBA1590897D0009B33E /* ranking.png */; };
		A0596FC2159089EA0009B33E /* ranking@2x.png in Resources */ = {isa = PBXBuildFile; fileRef = A0596FC1159089EA0009B33E /* ranking@2x.png */; };
		A0596FC51590900B0009B33E /* progres.png in Resources */ = {isa = PBXBuildFile; fileRef = A0596FC31590900B0009B33E /* progres.png */; };
		A0596FC61590900B0009B33E /* progres@2x.png in Resources */ = {isa = PBXBuildFile; fileRef = A0596FC41590900B0009B33E /* progres@2x.png */; };
		A0596FC91590907B0009B33E /* queHasPortat.png in Resources */ = {isa = PBXBuildFile; fileRef = A0596FC71590907B0009B33E /* queHasPortat.png */; };
		A0596FCA1590907B0009B33E /* queHasPortat@2x.png in Resources */ = {isa = PBXBuildFile; fileRef = A0596FC81590907B0009B33E /* queHasPortat@2x.png */; };
		A0596FCD159092C50009B33E /* categoriesViewController.m in Sources */ = {isa = PBXBuildFile; fileRef = A0596FCC159092C50009B33E /* categoriesViewController.m */; };
		A0B9EF23159072C8002F0457 /* containers@2x.png in Resources */ = {isa = PBXBuildFile; fileRef = A0B9EF1E159072C8002F0457 /* containers@2x.png */; };
		A0B9EF24159072C8002F0457 /* info@2x.png in Resources */ = {isa = PBXBuildFile; fileRef = A0B9EF1F159072C8002F0457 /* info@2x.png */; };
		A0B9EF25159072C8002F0457 /* instruccions@2x.png in Resources */ = {isa = PBXBuildFile; fileRef = A0B9EF20159072C8002F0457 /* instruccions@2x.png */; };
		A0B9EF26159072C8002F0457 /* mapa@2x.png in Resources */ = {isa = PBXBuildFile; fileRef = A0B9EF21159072C8002F0457 /* mapa@2x.png */; };
		A0B9EF29159072E2002F0457 /* usuari@2x.png in Resources */ = {isa = PBXBuildFile; fileRef = A0B9EF28159072E2002F0457 /* usuari@2x.png */; };
		A0B9EF301590739D002F0457 /* containers.png in Resources */ = {isa = PBXBuildFile; fileRef = A0B9EF2B1590739D002F0457 /* containers.png */; };
		A0B9EF311590739D002F0457 /* info.png in Resources */ = {isa = PBXBuildFile; fileRef = A0B9EF2C1590739D002F0457 /* info.png */; };
		A0B9EF321590739D002F0457 /* instruccions.png in Resources */ = {isa = PBXBuildFile; fileRef = A0B9EF2D1590739D002F0457 /* instruccions.png */; };
		A0B9EF331590739D002F0457 /* mapa.png in Resources */ = {isa = PBXBuildFile; fileRef = A0B9EF2E1590739D002F0457 /* mapa.png */; };
		A0B9EF341590739D002F0457 /* usuari.png in Resources */ = {isa = PBXBuildFile; fileRef = A0B9EF2F1590739D002F0457 /* usuari.png */; };
/* End PBXBuildFile section */

/* Begin PBXFileReference section */
		15008D5A159096C4001BBECB /* 1A.png */ = {isa = PBXFileReference; lastKnownFileType = image.png; name = 1A.png; path = Imatges/1A.png; sourceTree = "<group>"; };
		15008D5B159096C4001BBECB /* 1A@2x.png */ = {isa = PBXFileReference; lastKnownFileType = image.png; name = "1A@2x.png"; path = "Imatges/1A@2x.png"; sourceTree = "<group>"; };
		15008D5C159096C4001BBECB /* 1R.png */ = {isa = PBXFileReference; lastKnownFileType = image.png; name = 1R.png; path = Imatges/1R.png; sourceTree = "<group>"; };
		15008D5D159096C4001BBECB /* 1R@2x.png */ = {isa = PBXFileReference; lastKnownFileType = image.png; name = "1R@2x.png"; path = "Imatges/1R@2x.png"; sourceTree = "<group>"; };
		15008D5E159096C4001BBECB /* 2A.png */ = {isa = PBXFileReference; lastKnownFileType = image.png; name = 2A.png; path = Imatges/2A.png; sourceTree = "<group>"; };
		15008D5F159096C4001BBECB /* 2A@2x.png */ = {isa = PBXFileReference; lastKnownFileType = image.png; name = "2A@2x.png"; path = "Imatges/2A@2x.png"; sourceTree = "<group>"; };
		15008D60159096C4001BBECB /* 2R.png */ = {isa = PBXFileReference; lastKnownFileType = image.png; name = 2R.png; path = Imatges/2R.png; sourceTree = "<group>"; };
		15008D61159096C4001BBECB /* 2R@2x.png */ = {isa = PBXFileReference; lastKnownFileType = image.png; name = "2R@2x.png"; path = "Imatges/2R@2x.png"; sourceTree = "<group>"; };
		15008D62159096C4001BBECB /* 3A.png */ = {isa = PBXFileReference; lastKnownFileType = image.png; name = 3A.png; path = Imatges/3A.png; sourceTree = "<group>"; };
		15008D63159096C4001BBECB /* 3A@2x.png */ = {isa = PBXFileReference; lastKnownFileType = image.png; name = "3A@2x.png"; path = "Imatges/3A@2x.png"; sourceTree = "<group>"; };
		15008D64159096C4001BBECB /* 3R.png */ = {isa = PBXFileReference; lastKnownFileType = image.png; name = 3R.png; path = Imatges/3R.png; sourceTree = "<group>"; };
		15008D65159096C4001BBECB /* 3R@2x.png */ = {isa = PBXFileReference; lastKnownFileType = image.png; name = "3R@2x.png"; path = "Imatges/3R@2x.png"; sourceTree = "<group>"; };
		15008D7215909EDC001BBECB /* barrarosa@2x.png */ = {isa = PBXFileReference; lastKnownFileType = image.png; name = "barrarosa@2x.png"; path = "Imatges/barrarosa@2x.png"; sourceTree = "<group>"; };
		15008D741590A0F9001BBECB /* subtitile@2x.png */ = {isa = PBXFileReference; lastKnownFileType = image.png; name = "subtitile@2x.png"; path = "Imatges/subtitile@2x.png"; sourceTree = "<group>"; };
		15008D751590A0F9001BBECB /* title@2x.png */ = {isa = PBXFileReference; lastKnownFileType = image.png; name = "title@2x.png"; path = "Imatges/title@2x.png"; sourceTree = "<group>"; };
		15008D781590A181001BBECB /* bg-firstview@2x.png */ = {isa = PBXFileReference; lastKnownFileType = image.png; name = "bg-firstview@2x.png"; path = "Imatges/bg-firstview@2x.png"; sourceTree = "<group>"; };
		15008D861590A2A3001BBECB /* blue.png */ = {isa = PBXFileReference; lastKnownFileType = image.png; name = blue.png; path = Imatges/blue.png; sourceTree = "<group>"; };
		15008D871590A2A3001BBECB /* blue@2x.png */ = {isa = PBXFileReference; lastKnownFileType = image.png; name = "blue@2x.png"; path = "Imatges/blue@2x.png"; sourceTree = "<group>"; };
		15008D881590A2A3001BBECB /* gris.png */ = {isa = PBXFileReference; lastKnownFileType = image.png; name = gris.png; path = Imatges/gris.png; sourceTree = "<group>"; };
		15008D891590A2A3001BBECB /* gris@2x.png */ = {isa = PBXFileReference; lastKnownFileType = image.png; name = "gris@2x.png"; path = "Imatges/gris@2x.png"; sourceTree = "<group>"; };
		15008D8A1590A2A3001BBECB /* groc.png */ = {isa = PBXFileReference; lastKnownFileType = image.png; name = groc.png; path = Imatges/groc.png; sourceTree = "<group>"; };
		15008D8B1590A2A3001BBECB /* groc@2x.png */ = {isa = PBXFileReference; lastKnownFileType = image.png; name = "groc@2x.png"; path = "Imatges/groc@2x.png"; sourceTree = "<group>"; };
		15008D8C1590A2A3001BBECB /* marro.png */ = {isa = PBXFileReference; lastKnownFileType = image.png; name = marro.png; path = Imatges/marro.png; sourceTree = "<group>"; };
		15008D8D1590A2A3001BBECB /* marro@2x.png */ = {isa = PBXFileReference; lastKnownFileType = image.png; name = "marro@2x.png"; path = "Imatges/marro@2x.png"; sourceTree = "<group>"; };
		15008D8E1590A2A3001BBECB /* puntverd.png */ = {isa = PBXFileReference; lastKnownFileType = image.png; name = puntverd.png; path = Imatges/puntverd.png; sourceTree = "<group>"; };
		15008D8F1590A2A3001BBECB /* puntverd@2x.png */ = {isa = PBXFileReference; lastKnownFileType = image.png; name = "puntverd@2x.png"; path = "Imatges/puntverd@2x.png"; sourceTree = "<group>"; };
		15008D9A1590A2B2001BBECB /* verd.png */ = {isa = PBXFileReference; lastKnownFileType = image.png; name = verd.png; path = Imatges/verd.png; sourceTree = "<group>"; };
		15008D9B1590A2B2001BBECB /* verd@2x.png */ = {isa = PBXFileReference; lastKnownFileType = image.png; name = "verd@2x.png"; path = "Imatges/verd@2x.png"; sourceTree = "<group>"; };
		15008D9E1590A731001BBECB /* detailContenidorViewController.h */ = {isa = PBXFileReference; fileEncoding = 4; lastKnownFileType = sourcecode.c.h; path = detailContenidorViewController.h; sourceTree = "<group>"; };
		15008D9F1590A731001BBECB /* detailContenidorViewController.m */ = {isa = PBXFileReference; fileEncoding = 4; lastKnownFileType = sourcecode.c.objc; path = detailContenidorViewController.m; sourceTree = "<group>"; };
		15008DA31590AC5E001BBECB /* liia.png */ = {isa = PBXFileReference; lastKnownFileType = image.png; name = liia.png; path = Imatges/liia.png; sourceTree = "<group>"; };
		15008DA51590B4AA001BBECB /* 2.png */ = {isa = PBXFileReference; lastKnownFileType = image.png; name = 2.png; path = Imatges/2.png; sourceTree = "<group>"; };
		15008DA61590B4AA001BBECB /* 2@2x.png */ = {isa = PBXFileReference; lastKnownFileType = image.png; name = "2@2x.png"; path = "Imatges/2@2x.png"; sourceTree = "<group>"; };
		15661FCB159079390015B6B6 /* CoreLocation.framework */ = {isa = PBXFileReference; lastKnownFileType = wrapper.framework; name = CoreLocation.framework; path = System/Library/Frameworks/CoreLocation.framework; sourceTree = SDKROOT; };
		15661FCE1590793F0015B6B6 /* MapKit.framework */ = {isa = PBXFileReference; lastKnownFileType = wrapper.framework; name = MapKit.framework; path = System/Library/Frameworks/MapKit.framework; sourceTree = SDKROOT; };
		15661FD115907A890015B6B6 /* LocationAnnotation.h */ = {isa = PBXFileReference; fileEncoding = 4; lastKnownFileType = sourcecode.c.h; path = LocationAnnotation.h; sourceTree = "<group>"; };
		15661FD215907A890015B6B6 /* LocationAnnotation.m */ = {isa = PBXFileReference; fileEncoding = 4; lastKnownFileType = sourcecode.c.objc; path = LocationAnnotation.m; sourceTree = "<group>"; };
		1566200315907D080015B6B6 /* puntsverds.txt */ = {isa = PBXFileReference; fileEncoding = 4; lastKnownFileType = text; path = puntsverds.txt; sourceTree = "<group>"; };
		15D6F2EE15906E7E0043FDF1 /* TePremi.app */ = {isa = PBXFileReference; explicitFileType = wrapper.application; includeInIndex = 0; path = TePremi.app; sourceTree = BUILT_PRODUCTS_DIR; };
		15D6F2F215906E7E0043FDF1 /* UIKit.framework */ = {isa = PBXFileReference; lastKnownFileType = wrapper.framework; name = UIKit.framework; path = System/Library/Frameworks/UIKit.framework; sourceTree = SDKROOT; };
		15D6F2F415906E7E0043FDF1 /* Foundation.framework */ = {isa = PBXFileReference; lastKnownFileType = wrapper.framework; name = Foundation.framework; path = System/Library/Frameworks/Foundation.framework; sourceTree = SDKROOT; };
		15D6F2F615906E7E0043FDF1 /* CoreGraphics.framework */ = {isa = PBXFileReference; lastKnownFileType = wrapper.framework; name = CoreGraphics.framework; path = System/Library/Frameworks/CoreGraphics.framework; sourceTree = SDKROOT; };
		15D6F2FA15906E7E0043FDF1 /* TePremi-Info.plist */ = {isa = PBXFileReference; lastKnownFileType = text.plist.xml; path = "TePremi-Info.plist"; sourceTree = "<group>"; };
		15D6F2FC15906E7E0043FDF1 /* en */ = {isa = PBXFileReference; lastKnownFileType = text.plist.strings; name = en; path = en.lproj/InfoPlist.strings; sourceTree = "<group>"; };
		15D6F2FE15906E7E0043FDF1 /* main.m */ = {isa = PBXFileReference; lastKnownFileType = sourcecode.c.objc; path = main.m; sourceTree = "<group>"; };
		15D6F30015906E7E0043FDF1 /* TePremi-Prefix.pch */ = {isa = PBXFileReference; lastKnownFileType = sourcecode.c.h; path = "TePremi-Prefix.pch"; sourceTree = "<group>"; };
		15D6F30115906E7E0043FDF1 /* AppDelegate.h */ = {isa = PBXFileReference; lastKnownFileType = sourcecode.c.h; path = AppDelegate.h; sourceTree = "<group>"; };
		15D6F30215906E7E0043FDF1 /* AppDelegate.m */ = {isa = PBXFileReference; lastKnownFileType = sourcecode.c.objc; path = AppDelegate.m; sourceTree = "<group>"; };
		15D6F30515906E7E0043FDF1 /* en */ = {isa = PBXFileReference; lastKnownFileType = file.storyboard; name = en; path = en.lproj/MainStoryboard.storyboard; sourceTree = "<group>"; };
		15D6F31115906E7E0043FDF1 /* second.png */ = {isa = PBXFileReference; lastKnownFileType = image.png; path = second.png; sourceTree = "<group>"; };
		15D6F31315906E7E0043FDF1 /* second@2x.png */ = {isa = PBXFileReference; lastKnownFileType = image.png; path = "second@2x.png"; sourceTree = "<group>"; };
		A00777E6159070D50055399E /* mapaViewController.h */ = {isa = PBXFileReference; fileEncoding = 4; lastKnownFileType = sourcecode.c.h; name = mapaViewController.h; path = Vistes/mapaViewController.h; sourceTree = "<group>"; };
		A00777E7159070D50055399E /* mapaViewController.m */ = {isa = PBXFileReference; fileEncoding = 4; lastKnownFileType = sourcecode.c.objc; name = mapaViewController.m; path = Vistes/mapaViewController.m; sourceTree = "<group>"; };
		A00777EA159070E00055399E /* contacteViewController.h */ = {isa = PBXFileReference; fileEncoding = 4; lastKnownFileType = sourcecode.c.h; path = contacteViewController.h; sourceTree = "<group>"; };
		A00777EB159070E00055399E /* contacteViewController.m */ = {isa = PBXFileReference; fileEncoding = 4; lastKnownFileType = sourcecode.c.objc; path = contacteViewController.m; sourceTree = "<group>"; };
		A00777ED159071140055399E /* checkinViewController.h */ = {isa = PBXFileReference; fileEncoding = 4; lastKnownFileType = sourcecode.c.h; path = checkinViewController.h; sourceTree = "<group>"; };
		A00777EE159071140055399E /* checkinViewController.m */ = {isa = PBXFileReference; fileEncoding = 4; lastKnownFileType = sourcecode.c.objc; path = checkinViewController.m; sourceTree = "<group>"; };
		A00777F01590711B0055399E /* instruccionsViewController.h */ = {isa = PBXFileReference; fileEncoding = 4; lastKnownFileType = sourcecode.c.h; path = instruccionsViewController.h; sourceTree = "<group>"; };
		A00777F11590711B0055399E /* instruccionsViewController.m */ = {isa = PBXFileReference; fileEncoding = 4; lastKnownFileType = sourcecode.c.objc; path = instruccionsViewController.m; sourceTree = "<group>"; };
		A00777F3159071250055399E /* contenidorsViewController.h */ = {isa = PBXFileReference; fileEncoding = 4; lastKnownFileType = sourcecode.c.h; path = contenidorsViewController.h; sourceTree = "<group>"; };
		A00777F4159071250055399E /* contenidorsViewController.m */ = {isa = PBXFileReference; fileEncoding = 4; lastKnownFileType = sourcecode.c.objc; path = contenidorsViewController.m; sourceTree = "<group>"; };
		A0596F911590819B0009B33E /* fons-fusta.png */ = {isa = PBXFileReference; lastKnownFileType = image.png; name = "fons-fusta.png"; path = "Imatges/fons-fusta.png"; sourceTree = "<group>"; };
		A0596F941590823A0009B33E /* boto-check-in.png */ = {isa = PBXFileReference; lastKnownFileType = image.png; name = "boto-check-in.png"; path = "Imatges/boto-check-in.png"; sourceTree = "<group>"; };
		A0596F951590823A0009B33E /* caixa-arbres.png */ = {isa = PBXFileReference; lastKnownFileType = image.png; name = "caixa-arbres.png"; path = "Imatges/caixa-arbres.png"; sourceTree = "<group>"; };
		A0596F961590823A0009B33E /* caixa-visites.png */ = {isa = PBXFileReference; lastKnownFileType = image.png; name = "caixa-visites.png"; path = "Imatges/caixa-visites.png"; sourceTree = "<group>"; };
		A0596F971590823A0009B33E /* eslogan.png */ = {isa = PBXFileReference; lastKnownFileType = image.png; name = eslogan.png; path = Imatges/eslogan.png; sourceTree = "<group>"; };
		A0596F981590823A0009B33E /* eslogan@2x.png */ = {isa = PBXFileReference; lastKnownFileType = image.png; name = "eslogan@2x.png"; path = "Imatges/eslogan@2x.png"; sourceTree = "<group>"; };
		A0596F991590823A0009B33E /* boto-check-in@2x.png */ = {isa = PBXFileReference; lastKnownFileType = image.png; name = "boto-check-in@2x.png"; path = "Imatges/boto-check-in@2x.png"; sourceTree = "<group>"; };
		A0596F9A1590823A0009B33E /* caixa-arbres@2x.png */ = {isa = PBXFileReference; lastKnownFileType = image.png; name = "caixa-arbres@2x.png"; path = "Imatges/caixa-arbres@2x.png"; sourceTree = "<group>"; };
		A0596F9B1590823A0009B33E /* caixa-visites@2x.png */ = {isa = PBXFileReference; lastKnownFileType = image.png; name = "caixa-visites@2x.png"; path = "Imatges/caixa-visites@2x.png"; sourceTree = "<group>"; };
		A0596FAC1590891D0009B33E /* convidaAmics.png */ = {isa = PBXFileReference; lastKnownFileType = image.png; name = convidaAmics.png; path = Imatges/convidaAmics.png; sourceTree = "<group>"; };
		A0596FAD1590891D0009B33E /* caixa-arbres.png */ = {isa = PBXFileReference; lastKnownFileType = image.png; name = "caixa-arbres.png"; path = "Imatges/caixa-arbres.png"; sourceTree = "<group>"; };
		A0596FAE1590891D0009B33E /* properPremi.png */ = {isa = PBXFileReference; lastKnownFileType = image.png; name = properPremi.png; path = Imatges/properPremi.png; sourceTree = "<group>"; };
		A0596FB01590891D0009B33E /* caixa-arbres@2x.png */ = {isa = PBXFileReference; lastKnownFileType = image.png; name = "caixa-arbres@2x.png"; path = "Imatges/caixa-arbres@2x.png"; sourceTree = "<group>"; };
		A0596FB11590891D0009B33E /* convidaAmics@2x.png */ = {isa = PBXFileReference; lastKnownFileType = image.png; name = "convidaAmics@2x.png"; path = "Imatges/convidaAmics@2x.png"; sourceTree = "<group>"; };
		A0596FBA1590897D0009B33E /* ranking.png */ = {isa = PBXFileReference; lastKnownFileType = image.png; name = ranking.png; path = Imatges/ranking.png; sourceTree = "<group>"; };
		A0596FC1159089EA0009B33E /* ranking@2x.png */ = {isa = PBXFileReference; lastKnownFileType = image.png; name = "ranking@2x.png"; path = "Imatges/ranking@2x.png"; sourceTree = "<group>"; };
		A0596FC31590900B0009B33E /* progres.png */ = {isa = PBXFileReference; lastKnownFileType = image.png; name = progres.png; path = Imatges/progres.png; sourceTree = "<group>"; };
		A0596FC41590900B0009B33E /* progres@2x.png */ = {isa = PBXFileReference; lastKnownFileType = image.png; name = "progres@2x.png"; path = "Imatges/progres@2x.png"; sourceTree = "<group>"; };
		A0596FC71590907B0009B33E /* queHasPortat.png */ = {isa = PBXFileReference; lastKnownFileType = image.png; name = queHasPortat.png; path = Imatges/queHasPortat.png; sourceTree = "<group>"; };
		A0596FC81590907B0009B33E /* queHasPortat@2x.png */ = {isa = PBXFileReference; lastKnownFileType = image.png; name = "queHasPortat@2x.png"; path = "Imatges/queHasPortat@2x.png"; sourceTree = "<group>"; };
		A0596FCB159092C50009B33E /* categoriesViewController.h */ = {isa = PBXFileReference; fileEncoding = 4; lastKnownFileType = sourcecode.c.h; path = categoriesViewController.h; sourceTree = "<group>"; };
		A0596FCC159092C50009B33E /* categoriesViewController.m */ = {isa = PBXFileReference; fileEncoding = 4; lastKnownFileType = sourcecode.c.objc; path = categoriesViewController.m; sourceTree = "<group>"; };
		A0B9EF1E159072C8002F0457 /* containers@2x.png */ = {isa = PBXFileReference; lastKnownFileType = image.png; name = "containers@2x.png"; path = "Imatges/containers@2x.png"; sourceTree = "<group>"; };
		A0B9EF1F159072C8002F0457 /* info@2x.png */ = {isa = PBXFileReference; lastKnownFileType = image.png; name = "info@2x.png"; path = "Imatges/info@2x.png"; sourceTree = "<group>"; };
		A0B9EF20159072C8002F0457 /* instruccions@2x.png */ = {isa = PBXFileReference; lastKnownFileType = image.png; name = "instruccions@2x.png"; path = "Imatges/instruccions@2x.png"; sourceTree = "<group>"; };
		A0B9EF21159072C8002F0457 /* mapa@2x.png */ = {isa = PBXFileReference; lastKnownFileType = image.png; name = "mapa@2x.png"; path = "Imatges/mapa@2x.png"; sourceTree = "<group>"; };
		A0B9EF28159072E2002F0457 /* usuari@2x.png */ = {isa = PBXFileReference; lastKnownFileType = image.png; name = "usuari@2x.png"; path = "Imatges/usuari@2x.png"; sourceTree = "<group>"; };
		A0B9EF2B1590739D002F0457 /* containers.png */ = {isa = PBXFileReference; lastKnownFileType = image.png; name = containers.png; path = Imatges/containers.png; sourceTree = "<group>"; };
		A0B9EF2C1590739D002F0457 /* info.png */ = {isa = PBXFileReference; lastKnownFileType = image.png; name = info.png; path = Imatges/info.png; sourceTree = "<group>"; };
		A0B9EF2D1590739D002F0457 /* instruccions.png */ = {isa = PBXFileReference; lastKnownFileType = image.png; name = instruccions.png; path = Imatges/instruccions.png; sourceTree = "<group>"; };
		A0B9EF2E1590739D002F0457 /* mapa.png */ = {isa = PBXFileReference; lastKnownFileType = image.png; name = mapa.png; path = Imatges/mapa.png; sourceTree = "<group>"; };
		A0B9EF2F1590739D002F0457 /* usuari.png */ = {isa = PBXFileReference; lastKnownFileType = image.png; name = usuari.png; path = Imatges/usuari.png; sourceTree = "<group>"; };
/* End PBXFileReference section */

/* Begin PBXFrameworksBuildPhase section */
		15D6F2EB15906E7E0043FDF1 /* Frameworks */ = {
			isa = PBXFrameworksBuildPhase;
			buildActionMask = 2147483647;
			files = (
				15661FCF1590793F0015B6B6 /* MapKit.framework in Frameworks */,
				15661FCC159079390015B6B6 /* CoreLocation.framework in Frameworks */,
				15D6F2F315906E7E0043FDF1 /* UIKit.framework in Frameworks */,
				15D6F2F515906E7E0043FDF1 /* Foundation.framework in Frameworks */,
				15D6F2F715906E7E0043FDF1 /* CoreGraphics.framework in Frameworks */,
			);
			runOnlyForDeploymentPostprocessing = 0;
		};
/* End PBXFrameworksBuildPhase section */

/* Begin PBXGroup section */
		15661FD015907A890015B6B6 /* Geoposition */ = {
			isa = PBXGroup;
			children = (
				15661FD115907A890015B6B6 /* LocationAnnotation.h */,
				15661FD215907A890015B6B6 /* LocationAnnotation.m */,
			);
			path = Geoposition;
			sourceTree = "<group>";
		};
		15D6F2E315906E7E0043FDF1 = {
			isa = PBXGroup;
			children = (
				15661FCE1590793F0015B6B6 /* MapKit.framework */,
				15661FCB159079390015B6B6 /* CoreLocation.framework */,
				15D6F2F815906E7E0043FDF1 /* TePremi */,
				15D6F2F115906E7E0043FDF1 /* Frameworks */,
				15D6F2EF15906E7E0043FDF1 /* Products */,
			);
			sourceTree = "<group>";
		};
		15D6F2EF15906E7E0043FDF1 /* Products */ = {
			isa = PBXGroup;
			children = (
				15D6F2EE15906E7E0043FDF1 /* TePremi.app */,
			);
			name = Products;
			sourceTree = "<group>";
		};
		15D6F2F115906E7E0043FDF1 /* Frameworks */ = {
			isa = PBXGroup;
			children = (
				15D6F2F215906E7E0043FDF1 /* UIKit.framework */,
				15D6F2F415906E7E0043FDF1 /* Foundation.framework */,
				15D6F2F615906E7E0043FDF1 /* CoreGraphics.framework */,
			);
			name = Frameworks;
			sourceTree = "<group>";
		};
		15D6F2F815906E7E0043FDF1 /* TePremi */ = {
			isa = PBXGroup;
			children = (
				1566200315907D080015B6B6 /* puntsverds.txt */,
				15D6F30115906E7E0043FDF1 /* AppDelegate.h */,
				15D6F30215906E7E0043FDF1 /* AppDelegate.m */,
				15D6F30415906E7E0043FDF1 /* MainStoryboard.storyboard */,
				15D6F31115906E7E0043FDF1 /* second.png */,
				15D6F31315906E7E0043FDF1 /* second@2x.png */,
				15661FD015907A890015B6B6 /* Geoposition */,
				15D6F2F915906E7E0043FDF1 /* Supporting Files */,
				A0B9EF1C159071B7002F0457 /* ViewControllers */,
			);
			path = TePremi;
			sourceTree = "<group>";
		};
		15D6F2F915906E7E0043FDF1 /* Supporting Files */ = {
			isa = PBXGroup;
			children = (
				A0B9EF2A159072FC002F0457 /* Imatges */,
				15D6F2FA15906E7E0043FDF1 /* TePremi-Info.plist */,
				15D6F2FB15906E7E0043FDF1 /* InfoPlist.strings */,
				15D6F2FE15906E7E0043FDF1 /* main.m */,
				15D6F30015906E7E0043FDF1 /* TePremi-Prefix.pch */,
			);
			name = "Supporting Files";
			sourceTree = "<group>";
		};
		A0B9EF1C159071B7002F0457 /* ViewControllers */ = {
			isa = PBXGroup;
			children = (
				A00777E6159070D50055399E /* mapaViewController.h */,
				A00777E7159070D50055399E /* mapaViewController.m */,
				A00777EA159070E00055399E /* contacteViewController.h */,
				A00777EB159070E00055399E /* contacteViewController.m */,
				A00777ED159071140055399E /* checkinViewController.h */,
				A00777EE159071140055399E /* checkinViewController.m */,
				A00777F01590711B0055399E /* instruccionsViewController.h */,
				A00777F11590711B0055399E /* instruccionsViewController.m */,
				A00777F3159071250055399E /* contenidorsViewController.h */,
				A00777F4159071250055399E /* contenidorsViewController.m */,
				A0596FCB159092C50009B33E /* categoriesViewController.h */,
				A0596FCC159092C50009B33E /* categoriesViewController.m */,
				15008D9E1590A731001BBECB /* detailContenidorViewController.h */,
				15008D9F1590A731001BBECB /* detailContenidorViewController.m */,
			);
			name = ViewControllers;
			sourceTree = "<group>";
		};
		A0B9EF2A159072FC002F0457 /* Imatges */ = {
			isa = PBXGroup;
			children = (
				15008DA51590B4AA001BBECB /* 2.png */,
				15008DA61590B4AA001BBECB /* 2@2x.png */,
				15008DA31590AC5E001BBECB /* liia.png */,
				15008D7215909EDC001BBECB /* barrarosa@2x.png */,
				15008D5A159096C4001BBECB /* 1A.png */,
				15008D5B159096C4001BBECB /* 1A@2x.png */,
				15008D5C159096C4001BBECB /* 1R.png */,
				15008D5D159096C4001BBECB /* 1R@2x.png */,
				15008D5E159096C4001BBECB /* 2A.png */,
				15008D5F159096C4001BBECB /* 2A@2x.png */,
				15008D60159096C4001BBECB /* 2R.png */,
				15008D61159096C4001BBECB /* 2R@2x.png */,
				15008D62159096C4001BBECB /* 3A.png */,
				15008D63159096C4001BBECB /* 3A@2x.png */,
				15008D64159096C4001BBECB /* 3R.png */,
				15008D65159096C4001BBECB /* 3R@2x.png */,
				A0596FC71590907B0009B33E /* queHasPortat.png */,
				A0596FC81590907B0009B33E /* queHasPortat@2x.png */,
				A0596FC31590900B0009B33E /* progres.png */,
				A0596FC41590900B0009B33E /* progres@2x.png */,
				A0596FAC1590891D0009B33E /* convidaAmics.png */,
				A0596FBA1590897D0009B33E /* ranking.png */,
				A0596FC1159089EA0009B33E /* ranking@2x.png */,
				A0596FAD1590891D0009B33E /* caixa-arbres.png */,
				A0596FAE1590891D0009B33E /* properPremi.png */,
				A0596FB01590891D0009B33E /* caixa-arbres@2x.png */,
				A0596FB11590891D0009B33E /* convidaAmics@2x.png */,
				A0596F941590823A0009B33E /* boto-check-in.png */,
				A0596F951590823A0009B33E /* caixa-arbres.png */,
				A0596F961590823A0009B33E /* caixa-visites.png */,
				A0596F971590823A0009B33E /* eslogan.png */,
				A0596F981590823A0009B33E /* eslogan@2x.png */,
				A0596F991590823A0009B33E /* boto-check-in@2x.png */,
				A0596F9A1590823A0009B33E /* caixa-arbres@2x.png */,
				15008D861590A2A3001BBECB /* blue.png */,
				15008D871590A2A3001BBECB /* blue@2x.png */,
				15008D881590A2A3001BBECB /* gris.png */,
				15008D891590A2A3001BBECB /* gris@2x.png */,
				15008D8A1590A2A3001BBECB /* groc.png */,
				15008D8B1590A2A3001BBECB /* groc@2x.png */,
				15008D8C1590A2A3001BBECB /* marro.png */,
				15008D8D1590A2A3001BBECB /* marro@2x.png */,
				15008D8E1590A2A3001BBECB /* puntverd.png */,
				15008D8F1590A2A3001BBECB /* puntverd@2x.png */,
				15008D9A1590A2B2001BBECB /* verd.png */,
				15008D9B1590A2B2001BBECB /* verd@2x.png */,
				A0596F9B1590823A0009B33E /* caixa-visites@2x.png */,
				A0596F911590819B0009B33E /* fons-fusta.png */,
				15008D781590A181001BBECB /* bg-firstview@2x.png */,
				A0B9EF2B1590739D002F0457 /* containers.png */,
				A0B9EF2C1590739D002F0457 /* info.png */,
				A0B9EF2D1590739D002F0457 /* instruccions.png */,
				A0B9EF2E1590739D002F0457 /* mapa.png */,
				A0B9EF2F1590739D002F0457 /* usuari.png */,
				A0B9EF1E159072C8002F0457 /* containers@2x.png */,
				A0B9EF1F159072C8002F0457 /* info@2x.png */,
				15008D741590A0F9001BBECB /* subtitile@2x.png */,
				15008D751590A0F9001BBECB /* title@2x.png */,
				A0B9EF20159072C8002F0457 /* instruccions@2x.png */,
				A0B9EF21159072C8002F0457 /* mapa@2x.png */,
				A0B9EF28159072E2002F0457 /* usuari@2x.png */,
			);
			name = Imatges;
			sourceTree = "<group>";
		};
/* End PBXGroup section */

/* Begin PBXNativeTarget section */
		15D6F2ED15906E7E0043FDF1 /* TePremi */ = {
			isa = PBXNativeTarget;
			buildConfigurationList = 15D6F31715906E7E0043FDF1 /* Build configuration list for PBXNativeTarget "TePremi" */;
			buildPhases = (
				15D6F2EA15906E7E0043FDF1 /* Sources */,
				15D6F2EB15906E7E0043FDF1 /* Frameworks */,
				15D6F2EC15906E7E0043FDF1 /* Resources */,
			);
			buildRules = (
			);
			dependencies = (
			);
			name = TePremi;
			productName = TePremi;
			productReference = 15D6F2EE15906E7E0043FDF1 /* TePremi.app */;
			productType = "com.apple.product-type.application";
		};
/* End PBXNativeTarget section */

/* Begin PBXProject section */
		15D6F2E515906E7E0043FDF1 /* Project object */ = {
			isa = PBXProject;
			attributes = {
				LastUpgradeCheck = 0430;
			};
			buildConfigurationList = 15D6F2E815906E7E0043FDF1 /* Build configuration list for PBXProject "TePremi" */;
			compatibilityVersion = "Xcode 3.2";
			developmentRegion = English;
			hasScannedForEncodings = 0;
			knownRegions = (
				en,
			);
			mainGroup = 15D6F2E315906E7E0043FDF1;
			productRefGroup = 15D6F2EF15906E7E0043FDF1 /* Products */;
			projectDirPath = "";
			projectRoot = "";
			targets = (
				15D6F2ED15906E7E0043FDF1 /* TePremi */,
			);
		};
/* End PBXProject section */

/* Begin PBXResourcesBuildPhase section */
		15D6F2EC15906E7E0043FDF1 /* Resources */ = {
			isa = PBXResourcesBuildPhase;
			buildActionMask = 2147483647;
			files = (
				15D6F2FD15906E7E0043FDF1 /* InfoPlist.strings in Resources */,
				15D6F30615906E7E0043FDF1 /* MainStoryboard.storyboard in Resources */,
				15D6F31215906E7E0043FDF1 /* second.png in Resources */,
				15D6F31415906E7E0043FDF1 /* second@2x.png in Resources */,
				A0B9EF23159072C8002F0457 /* containers@2x.png in Resources */,
				A0B9EF24159072C8002F0457 /* info@2x.png in Resources */,
				A0B9EF25159072C8002F0457 /* instruccions@2x.png in Resources */,
				A0B9EF26159072C8002F0457 /* mapa@2x.png in Resources */,
				A0B9EF29159072E2002F0457 /* usuari@2x.png in Resources */,
				A0B9EF301590739D002F0457 /* containers.png in Resources */,
				A0B9EF311590739D002F0457 /* info.png in Resources */,
				A0B9EF321590739D002F0457 /* instruccions.png in Resources */,
				A0B9EF331590739D002F0457 /* mapa.png in Resources */,
				A0B9EF341590739D002F0457 /* usuari.png in Resources */,
				A0596F921590819B0009B33E /* fons-fusta.png in Resources */,
				A0596F9C1590823A0009B33E /* boto-check-in.png in Resources */,
				A0596F9D1590823A0009B33E /* caixa-arbres.png in Resources */,
				A0596F9E1590823A0009B33E /* caixa-visites.png in Resources */,
				A0596F9F1590823A0009B33E /* eslogan.png in Resources */,
				A0596FA01590823A0009B33E /* eslogan@2x.png in Resources */,
				A0596FA11590823A0009B33E /* boto-check-in@2x.png in Resources */,
				A0596FA21590823A0009B33E /* caixa-arbres@2x.png in Resources */,
				A0596FA31590823A0009B33E /* caixa-visites@2x.png in Resources */,
				A0596FB21590891D0009B33E /* convidaAmics.png in Resources */,
				A0596FB31590891D0009B33E /* caixa-arbres.png in Resources */,
				A0596FB41590891D0009B33E /* properPremi.png in Resources */,
				A0596FB61590891D0009B33E /* caixa-arbres@2x.png in Resources */,
				A0596FB71590891D0009B33E /* convidaAmics@2x.png in Resources */,
				A0596FBC1590897D0009B33E /* ranking.png in Resources */,
				A0596FC2159089EA0009B33E /* ranking@2x.png in Resources */,
				A0596FC51590900B0009B33E /* progres.png in Resources */,
				A0596FC61590900B0009B33E /* progres@2x.png in Resources */,
				A0596FC91590907B0009B33E /* queHasPortat.png in Resources */,
				A0596FCA1590907B0009B33E /* queHasPortat@2x.png in Resources */,
				1566200415907D080015B6B6 /* puntsverds.txt in Resources */,
				15008D66159096C4001BBECB /* 1A.png in Resources */,
				15008D67159096C4001BBECB /* 1A@2x.png in Resources */,
				15008D68159096C4001BBECB /* 1R.png in Resources */,
				15008D69159096C4001BBECB /* 1R@2x.png in Resources */,
				15008D6A159096C4001BBECB /* 2A.png in Resources */,
				15008D6B159096C4001BBECB /* 2A@2x.png in Resources */,
				15008D6C159096C4001BBECB /* 2R.png in Resources */,
				15008D6D159096C4001BBECB /* 2R@2x.png in Resources */,
				15008D6E159096C4001BBECB /* 3A.png in Resources */,
				15008D6F159096C4001BBECB /* 3A@2x.png in Resources */,
				15008D70159096C4001BBECB /* 3R.png in Resources */,
				15008D71159096C4001BBECB /* 3R@2x.png in Resources */,
				15008D7315909EDC001BBECB /* barrarosa@2x.png in Resources */,
				15008D761590A0F9001BBECB /* subtitile@2x.png in Resources */,
				15008D771590A0F9001BBECB /* title@2x.png in Resources */,
				15008D791590A181001BBECB /* bg-firstview@2x.png in Resources */,
				15008D901590A2A3001BBECB /* blue.png in Resources */,
				15008D911590A2A3001BBECB /* blue@2x.png in Resources */,
				15008D921590A2A3001BBECB /* gris.png in Resources */,
				15008D931590A2A3001BBECB /* gris@2x.png in Resources */,
				15008D941590A2A3001BBECB /* groc.png in Resources */,
				15008D951590A2A3001BBECB /* groc@2x.png in Resources */,
				15008D961590A2A3001BBECB /* marro.png in Resources */,
				15008D971590A2A3001BBECB /* marro@2x.png in Resources */,
				15008D981590A2A3001BBECB /* puntverd.png in Resources */,
				15008D991590A2A3001BBECB /* puntverd@2x.png in Resources */,
				15008D9C1590A2B2001BBECB /* verd.png in Resources */,
				15008D9D1590A2B2001BBECB /* verd@2x.png in Resources */,
				15008DA41590AC5E001BBECB /* liia.png in Resources */,
				15008DA71590B4AA001BBECB /* 2.png in Resources */,
				15008DA81590B4AA001BBECB /* 2@2x.png in Resources */,
			);
			runOnlyForDeploymentPostprocessing = 0;
		};
/* End PBXResourcesBuildPhase section */

/* Begin PBXSourcesBuildPhase section */
		15D6F2EA15906E7E0043FDF1 /* Sources */ = {
			isa = PBXSourcesBuildPhase;
			buildActionMask = 2147483647;
			files = (
				15D6F2FF15906E7E0043FDF1 /* main.m in Sources */,
				15D6F30315906E7E0043FDF1 /* AppDelegate.m in Sources */,
				A00777E8159070D50055399E /* mapaViewController.m in Sources */,
				A00777EC159070E00055399E /* contacteViewController.m in Sources */,
				A00777EF159071140055399E /* checkinViewController.m in Sources */,
				A00777F21590711B0055399E /* instruccionsViewController.m in Sources */,
				A00777F5159071250055399E /* contenidorsViewController.m in Sources */,
				15661FD315907A890015B6B6 /* LocationAnnotation.m in Sources */,
				A0596FCD159092C50009B33E /* categoriesViewController.m in Sources */,
				15008DA11590A731001BBECB /* detailContenidorViewController.m in Sources */,
			);
			runOnlyForDeploymentPostprocessing = 0;
		};
/* End PBXSourcesBuildPhase section */

/* Begin PBXVariantGroup section */
		15D6F2FB15906E7E0043FDF1 /* InfoPlist.strings */ = {
			isa = PBXVariantGroup;
			children = (
				15D6F2FC15906E7E0043FDF1 /* en */,
			);
			name = InfoPlist.strings;
			sourceTree = "<group>";
		};
		15D6F30415906E7E0043FDF1 /* MainStoryboard.storyboard */ = {
			isa = PBXVariantGroup;
			children = (
				15D6F30515906E7E0043FDF1 /* en */,
			);
			name = MainStoryboard.storyboard;
			sourceTree = "<group>";
		};
/* End PBXVariantGroup section */

/* Begin XCBuildConfiguration section */
		15D6F31515906E7E0043FDF1 /* Debug */ = {
			isa = XCBuildConfiguration;
			buildSettings = {
				ALWAYS_SEARCH_USER_PATHS = NO;
				ARCHS = "$(ARCHS_STANDARD_32_BIT)";
				CLANG_ENABLE_OBJC_ARC = YES;
				"CODE_SIGN_IDENTITY[sdk=iphoneos*]" = "iPhone Developer";
				COPY_PHASE_STRIP = NO;
				GCC_C_LANGUAGE_STANDARD = gnu99;
				GCC_DYNAMIC_NO_PIC = NO;
				GCC_OPTIMIZATION_LEVEL = 0;
				GCC_PREPROCESSOR_DEFINITIONS = (
					"DEBUG=1",
					"$(inherited)",
				);
				GCC_SYMBOLS_PRIVATE_EXTERN = NO;
				GCC_VERSION = com.apple.compilers.llvm.clang.1_0;
				GCC_WARN_ABOUT_RETURN_TYPE = YES;
				GCC_WARN_UNINITIALIZED_AUTOS = YES;
				GCC_WARN_UNUSED_VARIABLE = YES;
				IPHONEOS_DEPLOYMENT_TARGET = 5.1;
				SDKROOT = iphoneos;
			};
			name = Debug;
		};
		15D6F31615906E7E0043FDF1 /* Release */ = {
			isa = XCBuildConfiguration;
			buildSettings = {
				ALWAYS_SEARCH_USER_PATHS = NO;
				ARCHS = "$(ARCHS_STANDARD_32_BIT)";
				CLANG_ENABLE_OBJC_ARC = YES;
				"CODE_SIGN_IDENTITY[sdk=iphoneos*]" = "iPhone Developer";
				COPY_PHASE_STRIP = YES;
				GCC_C_LANGUAGE_STANDARD = gnu99;
				GCC_VERSION = com.apple.compilers.llvm.clang.1_0;
				GCC_WARN_ABOUT_RETURN_TYPE = YES;
				GCC_WARN_UNINITIALIZED_AUTOS = YES;
				GCC_WARN_UNUSED_VARIABLE = YES;
				IPHONEOS_DEPLOYMENT_TARGET = 5.1;
				OTHER_CFLAGS = "-DNS_BLOCK_ASSERTIONS=1";
				SDKROOT = iphoneos;
				VALIDATE_PRODUCT = YES;
			};
			name = Release;
		};
		15D6F31815906E7E0043FDF1 /* Debug */ = {
			isa = XCBuildConfiguration;
			buildSettings = {
				GCC_PRECOMPILE_PREFIX_HEADER = YES;
				GCC_PREFIX_HEADER = "TePremi/TePremi-Prefix.pch";
				INFOPLIST_FILE = "TePremi/TePremi-Info.plist";
				PRODUCT_NAME = "$(TARGET_NAME)";
				WRAPPER_EXTENSION = app;
			};
			name = Debug;
		};
		15D6F31915906E7E0043FDF1 /* Release */ = {
			isa = XCBuildConfiguration;
			buildSettings = {
				GCC_PRECOMPILE_PREFIX_HEADER = YES;
				GCC_PREFIX_HEADER = "TePremi/TePremi-Prefix.pch";
				INFOPLIST_FILE = "TePremi/TePremi-Info.plist";
				PRODUCT_NAME = "$(TARGET_NAME)";
				WRAPPER_EXTENSION = app;
			};
			name = Release;
		};
/* End XCBuildConfiguration section */

/* Begin XCConfigurationList section */
		15D6F2E815906E7E0043FDF1 /* Build configuration list for PBXProject "TePremi" */ = {
			isa = XCConfigurationList;
			buildConfigurations = (
				15D6F31515906E7E0043FDF1 /* Debug */,
				15D6F31615906E7E0043FDF1 /* Release */,
			);
			defaultConfigurationIsVisible = 0;
			defaultConfigurationName = Release;
		};
		15D6F31715906E7E0043FDF1 /* Build configuration list for PBXNativeTarget "TePremi" */ = {
			isa = XCConfigurationList;
			buildConfigurations = (
				15D6F31815906E7E0043FDF1 /* Debug */,
				15D6F31915906E7E0043FDF1 /* Release */,
			);
			defaultConfigurationIsVisible = 0;
			defaultConfigurationName = Release;
		};
/* End XCConfigurationList section */
	};
	rootObject = 15D6F2E515906E7E0043FDF1 /* Project object */;
}
